
Microsoft Visual Studio Solution File, Format Version 12.00
# Visual Studio Version 17
VisualStudioVersion = 17.0.32112.339
MinimumVisualStudioVersion = 10.0.40219.1
Project("{2150E333-8FDC-42A3-9474-1A3956D46DE8}") = "src", "src", "{A340F267-3318-4AE1-BF7B-457C88F05385}"
EndProject
Project("{2150E333-8FDC-42A3-9474-1A3956D46DE8}") = "02-Infrastructures", "02-Infrastructures", "{BD520F99-027D-4B73-ABB5-77BCD6C30AA5}"
EndProject
Project("{2150E333-8FDC-42A3-9474-1A3956D46DE8}") = "03-EndPoints", "03-EndPoints", "{54355E0A-CEFB-4327-869F-BA576EE85CCC}"
EndProject
Project("{9A19103F-16F7-4668-BE54-9A1E7A4F7556}") = "App.Infrastructures.Database.SqlServer", "src\App.Infrastructures.Database.SqlServer\App.Infrastructures.Database.SqlServer.csproj", "{AC0076CE-0A1D-4402-BB1D-4BA8ABC7BCF6}"
EndProject
Project("{9A19103F-16F7-4668-BE54-9A1E7A4F7556}") = "App.EndPoints.Mvc.AdminUI", "src\App.EndPoints.Mvc.AdminUI\App.EndPoints.Mvc.AdminUI.csproj", "{0BE906C9-DE0E-41B9-974D-9DFFB9C72064}"
EndProject
Project("{9A19103F-16F7-4668-BE54-9A1E7A4F7556}") = "App.EndPoints.Mvc.ShopUI", "src\App.EndPoints.Mvc.ShopUI\App.EndPoints.Mvc.ShopUI.csproj", "{CBF8A57D-6529-414C-9C9B-864A77961283}"
EndProject
Project("{2150E333-8FDC-42A3-9474-1A3956D46DE8}") = "01-Domain", "01-Domain", "{6167F242-A561-4E45-9FA9-F8EF2262CEFE}"
EndProject
Project("{2150E333-8FDC-42A3-9474-1A3956D46DE8}") = "Core", "Core", "{9E39E942-7293-4273-B92F-DB25EEB129B5}"
EndProject
Project("{2150E333-8FDC-42A3-9474-1A3956D46DE8}") = "Servises", "Servises", "{0380292D-4820-4D91-B87D-B7B211426851}"
EndProject
Project("{FAE04EC0-301F-11D3-BF4B-00C04F79EFBC}") = "App.Domain.Core", "App.Domain.Core\App.Domain.Core.csproj", "{48B52C97-7F52-47A4-ADC4-A50A03550DCB}"
EndProject
Project("{FAE04EC0-301F-11D3-BF4B-00C04F79EFBC}") = "App.Domain.Services", "App.Domain.Services\App.Domain.Services.csproj", "{C9D22A4A-6F1B-4DDF-93BA-CDD71FE7A9BF}"
EndProject
Project("{FAE04EC0-301F-11D3-BF4B-00C04F79EFBC}") = "App.Domain.AppServices", "App.Domain.AppServices\App.Domain.AppServices.csproj", "{587D45FA-703E-4033-88B8-0B9972A46D8D}"
EndProject
Global
	GlobalSection(SolutionConfigurationPlatforms) = preSolution
		Debug|Any CPU = Debug|Any CPU
		Release|Any CPU = Release|Any CPU
	EndGlobalSection
	GlobalSection(ProjectConfigurationPlatforms) = postSolution
		{AC0076CE-0A1D-4402-BB1D-4BA8ABC7BCF6}.Debug|Any CPU.ActiveCfg = Debug|Any CPU
		{AC0076CE-0A1D-4402-BB1D-4BA8ABC7BCF6}.Debug|Any CPU.Build.0 = Debug|Any CPU
		{AC0076CE-0A1D-4402-BB1D-4BA8ABC7BCF6}.Release|Any CPU.ActiveCfg = Release|Any CPU
		{AC0076CE-0A1D-4402-BB1D-4BA8ABC7BCF6}.Release|Any CPU.Build.0 = Release|Any CPU
		{0BE906C9-DE0E-41B9-974D-9DFFB9C72064}.Debug|Any CPU.ActiveCfg = Debug|Any CPU
		{0BE906C9-DE0E-41B9-974D-9DFFB9C72064}.Debug|Any CPU.Build.0 = Debug|Any CPU
		{0BE906C9-DE0E-41B9-974D-9DFFB9C72064}.Release|Any CPU.ActiveCfg = Release|Any CPU
		{0BE906C9-DE0E-41B9-974D-9DFFB9C72064}.Release|Any CPU.Build.0 = Release|Any CPU
		{CBF8A57D-6529-414C-9C9B-864A77961283}.Debug|Any CPU.ActiveCfg = Debug|Any CPU
		{CBF8A57D-6529-414C-9C9B-864A77961283}.Debug|Any CPU.Build.0 = Debug|Any CPU
		{CBF8A57D-6529-414C-9C9B-864A77961283}.Release|Any CPU.ActiveCfg = Release|Any CPU
		{CBF8A57D-6529-414C-9C9B-864A77961283}.Release|Any CPU.Build.0 = Release|Any CPU
		{48B52C97-7F52-47A4-ADC4-A50A03550DCB}.Debug|Any CPU.ActiveCfg = Debug|Any CPU
		{48B52C97-7F52-47A4-ADC4-A50A03550DCB}.Debug|Any CPU.Build.0 = Debug|Any CPU
		{48B52C97-7F52-47A4-ADC4-A50A03550DCB}.Release|Any CPU.ActiveCfg = Release|Any CPU
		{48B52C97-7F52-47A4-ADC4-A50A03550DCB}.Release|Any CPU.Build.0 = Release|Any CPU
		{C9D22A4A-6F1B-4DDF-93BA-CDD71FE7A9BF}.Debug|Any CPU.ActiveCfg = Debug|Any CPU
		{C9D22A4A-6F1B-4DDF-93BA-CDD71FE7A9BF}.Debug|Any CPU.Build.0 = Debug|Any CPU
		{C9D22A4A-6F1B-4DDF-93BA-CDD71FE7A9BF}.Release|Any CPU.ActiveCfg = Release|Any CPU
		{C9D22A4A-6F1B-4DDF-93BA-CDD71FE7A9BF}.Release|Any CPU.Build.0 = Release|Any CPU
		{587D45FA-703E-4033-88B8-0B9972A46D8D}.Debug|Any CPU.ActiveCfg = Debug|Any CPU
		{587D45FA-703E-4033-88B8-0B9972A46D8D}.Debug|Any CPU.Build.0 = Debug|Any CPU
		{587D45FA-703E-4033-88B8-0B9972A46D8D}.Release|Any CPU.ActiveCfg = Release|Any CPU
		{587D45FA-703E-4033-88B8-0B9972A46D8D}.Release|Any CPU.Build.0 = Release|Any CPU
	EndGlobalSection
	GlobalSection(SolutionProperties) = preSolution
		HideSolutionNode = FALSE
	EndGlobalSection
	GlobalSection(NestedProjects) = preSolution
		{BD520F99-027D-4B73-ABB5-77BCD6C30AA5} = {A340F267-3318-4AE1-BF7B-457C88F05385}
		{54355E0A-CEFB-4327-869F-BA576EE85CCC} = {A340F267-3318-4AE1-BF7B-457C88F05385}
		{AC0076CE-0A1D-4402-BB1D-4BA8ABC7BCF6} = {BD520F99-027D-4B73-ABB5-77BCD6C30AA5}
		{0BE906C9-DE0E-41B9-974D-9DFFB9C72064} = {54355E0A-CEFB-4327-869F-BA576EE85CCC}
		{CBF8A57D-6529-414C-9C9B-864A77961283} = {54355E0A-CEFB-4327-869F-BA576EE85CCC}
		{6167F242-A561-4E45-9FA9-F8EF2262CEFE} = {A340F267-3318-4AE1-BF7B-457C88F05385}
		{9E39E942-7293-4273-B92F-DB25EEB129B5} = {6167F242-A561-4E45-9FA9-F8EF2262CEFE}
		{0380292D-4820-4D91-B87D-B7B211426851} = {6167F242-A561-4E45-9FA9-F8EF2262CEFE}
		{48B52C97-7F52-47A4-ADC4-A50A03550DCB} = {9E39E942-7293-4273-B92F-DB25EEB129B5}
		{C9D22A4A-6F1B-4DDF-93BA-CDD71FE7A9BF} = {0380292D-4820-4D91-B87D-B7B211426851}
		{587D45FA-703E-4033-88B8-0B9972A46D8D} = {0380292D-4820-4D91-B87D-B7B211426851}
	EndGlobalSection
	GlobalSection(ExtensibilityGlobals) = postSolution
		SolutionGuid = {E33D7C88-1A57-4CA3-AE1A-7AF235D0924A}
	EndGlobalSection
EndGlobal
