
Microsoft Visual Studio Solution File, Format Version 12.00
# Visual Studio Version 17
VisualStudioVersion = 17.0.32112.339
MinimumVisualStudioVersion = 10.0.40219.1
Project("{2150E333-8FDC-42A3-9474-1A3956D46DE8}") = "src", "src", "{A340F267-3318-4AE1-BF7B-457C88F05385}"
EndProject
Project("{2150E333-8FDC-42A3-9474-1A3956D46DE8}") = "02-Infrastructures", "02-Infrastructures", "{BD520F99-027D-4B73-ABB5-77BCD6C30AA5}"
EndProject
Project("{2150E333-8FDC-42A3-9474-1A3956D46DE8}") = "03-EndPoints", "03-EndPoints", "{54355E0A-CEFB-4327-869F-BA576EE85CCC}"
EndProject
Project("{9A19103F-16F7-4668-BE54-9A1E7A4F7556}") = "App.Infrastructures.Database.SqlServer", "src\App.Infrastructures.Database.SqlServer\App.Infrastructures.Database.SqlServer.csproj", "{AC0076CE-0A1D-4402-BB1D-4BA8ABC7BCF6}"
EndProject
Project("{9A19103F-16F7-4668-BE54-9A1E7A4F7556}") = "App.EndPoints.Mvc.AdminUI", "src\App.EndPoints.Mvc.AdminUI\App.EndPoints.Mvc.AdminUI.csproj", "{0BE906C9-DE0E-41B9-974D-9DFFB9C72064}"
EndProject
Project("{9A19103F-16F7-4668-BE54-9A1E7A4F7556}") = "App.EndPoints.Mvc.ShopUI", "src\App.EndPoints.Mvc.ShopUI\App.EndPoints.Mvc.ShopUI.csproj", "{CBF8A57D-6529-414C-9C9B-864A77961283}"
EndProject
Project("{2150E333-8FDC-42A3-9474-1A3956D46DE8}") = "01-Domain", "01-Domain", "{9B03CA48-3A15-49D1-98C2-2783D350D63D}"
EndProject
Project("{2150E333-8FDC-42A3-9474-1A3956D46DE8}") = "Core", "Core", "{40D4BBD0-BBCE-4D0E-BF87-8198BF05BBB5}"
EndProject
Project("{2150E333-8FDC-42A3-9474-1A3956D46DE8}") = "Services", "Services", "{13FAE28F-8E12-449C-A867-D428F67BB2A9}"
EndProject
Project("{9A19103F-16F7-4668-BE54-9A1E7A4F7556}") = "App.Domain.Core", "App.Domain.Core\App.Domain.Core.csproj", "{2B1052AA-1C24-4F50-9B6E-4C85417E7DE2}"
EndProject
Project("{9A19103F-16F7-4668-BE54-9A1E7A4F7556}") = "App.Domain.Services", "App.Domain.Services\App.Domain.Services.csproj", "{A6BEEC06-813D-43A9-A60E-7821F1393014}"
EndProject
Project("{9A19103F-16F7-4668-BE54-9A1E7A4F7556}") = "App.Domain.AppServices", "App.Domain.AppServices\App.Domain.AppServices.csproj", "{51C1023A-98BA-4619-92AB-F06A55533569}"
EndProject
Project("{FAE04EC0-301F-11D3-BF4B-00C04F79EFBC}") = "App.Infrastructures.Database.Repos.Ef", "App.Infrastructures.Database.Repos.Ef\App.Infrastructures.Database.Repos.Ef.csproj", "{50CA22F0-53A2-4681-A0CF-D52C3F8EC892}"
EndProject
Global
	GlobalSection(SolutionConfigurationPlatforms) = preSolution
		Debug|Any CPU = Debug|Any CPU
		Release|Any CPU = Release|Any CPU
	EndGlobalSection
	GlobalSection(ProjectConfigurationPlatforms) = postSolution
		{AC0076CE-0A1D-4402-BB1D-4BA8ABC7BCF6}.Debug|Any CPU.ActiveCfg = Debug|Any CPU
		{AC0076CE-0A1D-4402-BB1D-4BA8ABC7BCF6}.Debug|Any CPU.Build.0 = Debug|Any CPU
		{AC0076CE-0A1D-4402-BB1D-4BA8ABC7BCF6}.Release|Any CPU.ActiveCfg = Release|Any CPU
		{AC0076CE-0A1D-4402-BB1D-4BA8ABC7BCF6}.Release|Any CPU.Build.0 = Release|Any CPU
		{0BE906C9-DE0E-41B9-974D-9DFFB9C72064}.Debug|Any CPU.ActiveCfg = Debug|Any CPU
		{0BE906C9-DE0E-41B9-974D-9DFFB9C72064}.Debug|Any CPU.Build.0 = Debug|Any CPU
		{0BE906C9-DE0E-41B9-974D-9DFFB9C72064}.Release|Any CPU.ActiveCfg = Release|Any CPU
		{0BE906C9-DE0E-41B9-974D-9DFFB9C72064}.Release|Any CPU.Build.0 = Release|Any CPU
		{CBF8A57D-6529-414C-9C9B-864A77961283}.Debug|Any CPU.ActiveCfg = Debug|Any CPU
		{CBF8A57D-6529-414C-9C9B-864A77961283}.Debug|Any CPU.Build.0 = Debug|Any CPU
		{CBF8A57D-6529-414C-9C9B-864A77961283}.Release|Any CPU.ActiveCfg = Release|Any CPU
		{CBF8A57D-6529-414C-9C9B-864A77961283}.Release|Any CPU.Build.0 = Release|Any CPU
		{2B1052AA-1C24-4F50-9B6E-4C85417E7DE2}.Debug|Any CPU.ActiveCfg = Debug|Any CPU
		{2B1052AA-1C24-4F50-9B6E-4C85417E7DE2}.Debug|Any CPU.Build.0 = Debug|Any CPU
		{2B1052AA-1C24-4F50-9B6E-4C85417E7DE2}.Release|Any CPU.ActiveCfg = Release|Any CPU
		{2B1052AA-1C24-4F50-9B6E-4C85417E7DE2}.Release|Any CPU.Build.0 = Release|Any CPU
		{A6BEEC06-813D-43A9-A60E-7821F1393014}.Debug|Any CPU.ActiveCfg = Debug|Any CPU
		{A6BEEC06-813D-43A9-A60E-7821F1393014}.Debug|Any CPU.Build.0 = Debug|Any CPU
		{A6BEEC06-813D-43A9-A60E-7821F1393014}.Release|Any CPU.ActiveCfg = Release|Any CPU
		{A6BEEC06-813D-43A9-A60E-7821F1393014}.Release|Any CPU.Build.0 = Release|Any CPU
		{51C1023A-98BA-4619-92AB-F06A55533569}.Debug|Any CPU.ActiveCfg = Debug|Any CPU
		{51C1023A-98BA-4619-92AB-F06A55533569}.Debug|Any CPU.Build.0 = Debug|Any CPU
		{51C1023A-98BA-4619-92AB-F06A55533569}.Release|Any CPU.ActiveCfg = Release|Any CPU
		{51C1023A-98BA-4619-92AB-F06A55533569}.Release|Any CPU.Build.0 = Release|Any CPU
		{50CA22F0-53A2-4681-A0CF-D52C3F8EC892}.Debug|Any CPU.ActiveCfg = Debug|Any CPU
		{50CA22F0-53A2-4681-A0CF-D52C3F8EC892}.Debug|Any CPU.Build.0 = Debug|Any CPU
		{50CA22F0-53A2-4681-A0CF-D52C3F8EC892}.Release|Any CPU.ActiveCfg = Release|Any CPU
		{50CA22F0-53A2-4681-A0CF-D52C3F8EC892}.Release|Any CPU.Build.0 = Release|Any CPU
	EndGlobalSection
	GlobalSection(SolutionProperties) = preSolution
		HideSolutionNode = FALSE
	EndGlobalSection
	GlobalSection(NestedProjects) = preSolution
		{BD520F99-027D-4B73-ABB5-77BCD6C30AA5} = {A340F267-3318-4AE1-BF7B-457C88F05385}
		{54355E0A-CEFB-4327-869F-BA576EE85CCC} = {A340F267-3318-4AE1-BF7B-457C88F05385}
		{AC0076CE-0A1D-4402-BB1D-4BA8ABC7BCF6} = {BD520F99-027D-4B73-ABB5-77BCD6C30AA5}
		{0BE906C9-DE0E-41B9-974D-9DFFB9C72064} = {54355E0A-CEFB-4327-869F-BA576EE85CCC}
		{CBF8A57D-6529-414C-9C9B-864A77961283} = {54355E0A-CEFB-4327-869F-BA576EE85CCC}
		{9B03CA48-3A15-49D1-98C2-2783D350D63D} = {A340F267-3318-4AE1-BF7B-457C88F05385}
		{40D4BBD0-BBCE-4D0E-BF87-8198BF05BBB5} = {9B03CA48-3A15-49D1-98C2-2783D350D63D}
		{13FAE28F-8E12-449C-A867-D428F67BB2A9} = {9B03CA48-3A15-49D1-98C2-2783D350D63D}
		{2B1052AA-1C24-4F50-9B6E-4C85417E7DE2} = {40D4BBD0-BBCE-4D0E-BF87-8198BF05BBB5}
		{A6BEEC06-813D-43A9-A60E-7821F1393014} = {13FAE28F-8E12-449C-A867-D428F67BB2A9}
		{51C1023A-98BA-4619-92AB-F06A55533569} = {13FAE28F-8E12-449C-A867-D428F67BB2A9}
		{50CA22F0-53A2-4681-A0CF-D52C3F8EC892} = {BD520F99-027D-4B73-ABB5-77BCD6C30AA5}
	EndGlobalSection
	GlobalSection(ExtensibilityGlobals) = postSolution
		SolutionGuid = {E33D7C88-1A57-4CA3-AE1A-7AF235D0924A}
	EndGlobalSection
EndGlobal
