
Microsoft Visual Studio Solution File, Format Version 12.00
# Visual Studio Version 17
VisualStudioVersion = 17.0.32112.339
MinimumVisualStudioVersion = 10.0.40219.1
Project("{2150E333-8FDC-42A3-9474-1A3956D46DE8}") = "src", "src", "{A340F267-3318-4AE1-BF7B-457C88F05385}"
EndProject
Project("{2150E333-8FDC-42A3-9474-1A3956D46DE8}") = "02-Infrastructures", "02-Infrastructures", "{BD520F99-027D-4B73-ABB5-77BCD6C30AA5}"
EndProject
Project("{2150E333-8FDC-42A3-9474-1A3956D46DE8}") = "03-EndPoints", "03-EndPoints", "{54355E0A-CEFB-4327-869F-BA576EE85CCC}"
EndProject
Project("{9A19103F-16F7-4668-BE54-9A1E7A4F7556}") = "App.Infrastructures.Database.SqlServer", "src\App.Infrastructures.Database.SqlServer\App.Infrastructures.Database.SqlServer.csproj", "{AC0076CE-0A1D-4402-BB1D-4BA8ABC7BCF6}"
EndProject
Project("{9A19103F-16F7-4668-BE54-9A1E7A4F7556}") = "App.EndPoints.Mvc.AdminUI", "src\App.EndPoints.Mvc.AdminUI\App.EndPoints.Mvc.AdminUI.csproj", "{0BE906C9-DE0E-41B9-974D-9DFFB9C72064}"
EndProject
Project("{9A19103F-16F7-4668-BE54-9A1E7A4F7556}") = "App.EndPoints.Mvc.ShopUI", "src\App.EndPoints.Mvc.ShopUI\App.EndPoints.Mvc.ShopUI.csproj", "{CBF8A57D-6529-414C-9C9B-864A77961283}"
EndProject
Project("{2150E333-8FDC-42A3-9474-1A3956D46DE8}") = "01-Domain", "01-Domain", "{1AC697B7-0D9E-421C-89F8-86B4292CEDF7}"
EndProject
Project("{2150E333-8FDC-42A3-9474-1A3956D46DE8}") = "Core", "Core", "{99430F6C-747A-46B7-A8C6-DB48773717A6}"
EndProject
Project("{2150E333-8FDC-42A3-9474-1A3956D46DE8}") = "Services", "Services", "{8BB2749C-A334-4352-A47C-75A3417A2708}"
EndProject
Project("{FAE04EC0-301F-11D3-BF4B-00C04F79EFBC}") = "App.Domain.Core", "App.Domain.Core\App.Domain.Core.csproj", "{78DC1D59-E646-47B3-A4CB-96DBEE775C33}"
EndProject
Project("{FAE04EC0-301F-11D3-BF4B-00C04F79EFBC}") = "App.Domain.Services", "App.Domain.Services\App.Domain.Services.csproj", "{DA16DFEA-C5DF-4E61-83CF-8BBA71833640}"
EndProject
Project("{FAE04EC0-301F-11D3-BF4B-00C04F79EFBC}") = "App.Domain.AppServices", "App.Domain.AppServices\App.Domain.AppServices.csproj", "{E613317B-98B4-4091-875E-E5BD69294C7A}"
EndProject
Global
	GlobalSection(SolutionConfigurationPlatforms) = preSolution
		Debug|Any CPU = Debug|Any CPU
		Release|Any CPU = Release|Any CPU
	EndGlobalSection
	GlobalSection(ProjectConfigurationPlatforms) = postSolution
		{AC0076CE-0A1D-4402-BB1D-4BA8ABC7BCF6}.Debug|Any CPU.ActiveCfg = Debug|Any CPU
		{AC0076CE-0A1D-4402-BB1D-4BA8ABC7BCF6}.Debug|Any CPU.Build.0 = Debug|Any CPU
		{AC0076CE-0A1D-4402-BB1D-4BA8ABC7BCF6}.Release|Any CPU.ActiveCfg = Release|Any CPU
		{AC0076CE-0A1D-4402-BB1D-4BA8ABC7BCF6}.Release|Any CPU.Build.0 = Release|Any CPU
		{0BE906C9-DE0E-41B9-974D-9DFFB9C72064}.Debug|Any CPU.ActiveCfg = Debug|Any CPU
		{0BE906C9-DE0E-41B9-974D-9DFFB9C72064}.Debug|Any CPU.Build.0 = Debug|Any CPU
		{0BE906C9-DE0E-41B9-974D-9DFFB9C72064}.Release|Any CPU.ActiveCfg = Release|Any CPU
		{0BE906C9-DE0E-41B9-974D-9DFFB9C72064}.Release|Any CPU.Build.0 = Release|Any CPU
		{CBF8A57D-6529-414C-9C9B-864A77961283}.Debug|Any CPU.ActiveCfg = Debug|Any CPU
		{CBF8A57D-6529-414C-9C9B-864A77961283}.Debug|Any CPU.Build.0 = Debug|Any CPU
		{CBF8A57D-6529-414C-9C9B-864A77961283}.Release|Any CPU.ActiveCfg = Release|Any CPU
		{CBF8A57D-6529-414C-9C9B-864A77961283}.Release|Any CPU.Build.0 = Release|Any CPU
		{78DC1D59-E646-47B3-A4CB-96DBEE775C33}.Debug|Any CPU.ActiveCfg = Debug|Any CPU
		{78DC1D59-E646-47B3-A4CB-96DBEE775C33}.Debug|Any CPU.Build.0 = Debug|Any CPU
		{78DC1D59-E646-47B3-A4CB-96DBEE775C33}.Release|Any CPU.ActiveCfg = Release|Any CPU
		{78DC1D59-E646-47B3-A4CB-96DBEE775C33}.Release|Any CPU.Build.0 = Release|Any CPU
		{DA16DFEA-C5DF-4E61-83CF-8BBA71833640}.Debug|Any CPU.ActiveCfg = Debug|Any CPU
		{DA16DFEA-C5DF-4E61-83CF-8BBA71833640}.Debug|Any CPU.Build.0 = Debug|Any CPU
		{DA16DFEA-C5DF-4E61-83CF-8BBA71833640}.Release|Any CPU.ActiveCfg = Release|Any CPU
		{DA16DFEA-C5DF-4E61-83CF-8BBA71833640}.Release|Any CPU.Build.0 = Release|Any CPU
		{E613317B-98B4-4091-875E-E5BD69294C7A}.Debug|Any CPU.ActiveCfg = Debug|Any CPU
		{E613317B-98B4-4091-875E-E5BD69294C7A}.Debug|Any CPU.Build.0 = Debug|Any CPU
		{E613317B-98B4-4091-875E-E5BD69294C7A}.Release|Any CPU.ActiveCfg = Release|Any CPU
		{E613317B-98B4-4091-875E-E5BD69294C7A}.Release|Any CPU.Build.0 = Release|Any CPU
	EndGlobalSection
	GlobalSection(SolutionProperties) = preSolution
		HideSolutionNode = FALSE
	EndGlobalSection
	GlobalSection(NestedProjects) = preSolution
		{BD520F99-027D-4B73-ABB5-77BCD6C30AA5} = {A340F267-3318-4AE1-BF7B-457C88F05385}
		{54355E0A-CEFB-4327-869F-BA576EE85CCC} = {A340F267-3318-4AE1-BF7B-457C88F05385}
		{AC0076CE-0A1D-4402-BB1D-4BA8ABC7BCF6} = {BD520F99-027D-4B73-ABB5-77BCD6C30AA5}
		{0BE906C9-DE0E-41B9-974D-9DFFB9C72064} = {54355E0A-CEFB-4327-869F-BA576EE85CCC}
		{CBF8A57D-6529-414C-9C9B-864A77961283} = {54355E0A-CEFB-4327-869F-BA576EE85CCC}
		{1AC697B7-0D9E-421C-89F8-86B4292CEDF7} = {A340F267-3318-4AE1-BF7B-457C88F05385}
		{99430F6C-747A-46B7-A8C6-DB48773717A6} = {1AC697B7-0D9E-421C-89F8-86B4292CEDF7}
		{8BB2749C-A334-4352-A47C-75A3417A2708} = {1AC697B7-0D9E-421C-89F8-86B4292CEDF7}
		{78DC1D59-E646-47B3-A4CB-96DBEE775C33} = {99430F6C-747A-46B7-A8C6-DB48773717A6}
		{DA16DFEA-C5DF-4E61-83CF-8BBA71833640} = {8BB2749C-A334-4352-A47C-75A3417A2708}
		{E613317B-98B4-4091-875E-E5BD69294C7A} = {8BB2749C-A334-4352-A47C-75A3417A2708}
	EndGlobalSection
	GlobalSection(ExtensibilityGlobals) = postSolution
		SolutionGuid = {E33D7C88-1A57-4CA3-AE1A-7AF235D0924A}
	EndGlobalSection
EndGlobal
